// !$*UTF8*$!
{
	archiveVersion = 1;
	classes = {
	};
	objectVersion = 77;
	objects = {

/* Begin PBXBuildFile section */
		1F8C1D4F2F603BD60019A501 /* .gitignore in Resources */ = {isa = PBXBuildFile; fileRef = 1F8C1D4D2F603BD60019A501 /* .gitignore */; };
		1F8C1D502F603BD60019A501 /* README.md in Resources */ = {isa = PBXBuildFile; fileRef = 1F8C1D4E2F603BD60019A501 /* README.md */; };
/* End PBXBuildFile section */

/* Begin PBXContainerItemProxy section */
		1F8C1D252F603BA50019A501 /* PBXContainerItemProxy */ = {
			isa = PBXContainerItemProxy;
			containerPortal = 1F8C1D0F2F603BA40019A501 /* Project object */;
			proxyType = 1;
			remoteGlobalIDString = 1F8C1D162F603BA40019A501;
			remoteInfo = MVVMCoordinator;
		};
		1F8C1D2F2F603BA50019A501 /* PBXContainerItemProxy */ = {
			isa = PBXContainerItemProxy;
			containerPortal = 1F8C1D0F2F603BA40019A501 /* Project object */;
			proxyType = 1;
			remoteGlobalIDString = 1F8C1D162F603BA40019A501;
			remoteInfo = MVVMCoordinator;
		};
/* End PBXContainerItemProxy section */

/* Begin PBXFileReference section */
		1F8C1D172F603BA40019A501 /* MVVMCoordinator.app */ = {isa = PBXFileReference; explicitFileType = wrapper.application; includeInIndex = 0; path = MVVMCoordinator.app; sourceTree = BUILT_PRODUCTS_DIR; };
		1F8C1D242F603BA50019A501 /* MVVMCoordinatorTests.xctest */ = {isa = PBXFileReference; explicitFileType = wrapper.cfbundle; includeInIndex = 0; path = MVVMCoordinatorTests.xctest; sourceTree = BUILT_PRODUCTS_DIR; };
		1F8C1D2E2F603BA50019A501 /* MVVMCoordinatorUITests.xctest */ = {isa = PBXFileReference; explicitFileType = wrapper.cfbundle; includeInIndex = 0; path = MVVMCoordinatorUITests.xctest; sourceTree = BUILT_PRODUCTS_DIR; };
		1F8C1D4D2F603BD60019A501 /* .gitignore */ = {isa = PBXFileReference; lastKnownFileType = text; path = .gitignore; sourceTree = "<group>"; };
		1F8C1D4E2F603BD60019A501 /* README.md */ = {isa = PBXFileReference; lastKnownFileType = net.daringfireball.markdown; path = README.md; sourceTree = "<group>"; };
/* End PBXFileReference section */

/* Begin PBXFileSystemSynchronizedRootGroup section */
		1F8C1D192F603BA40019A501 /* MVVMCoordinator */ = {
			isa = PBXFileSystemSynchronizedRootGroup;
			path = MVVMCoordinator;
			sourceTree = "<group>";
		};
		1F8C1D272F603BA50019A501 /* MVVMCoordinatorTests */ = {
			isa = PBXFileSystemSynchronizedRootGroup;
			path = MVVMCoordinatorTests;
			sourceTree = "<group>";
		};
		1F8C1D312F603BA50019A501 /* MVVMCoordinatorUITests */ = {
			isa = PBXFileSystemSynchronizedRootGroup;
			path = MVVMCoordinatorUITests;
			sourceTree = "<group>";
		};
/* End PBXFileSystemSynchronizedRootGroup section */

/* Begin PBXFrameworksBuildPhase section */
		1F8C1D142F603BA40019A501 /* Frameworks */ = {
			isa = PBXFrameworksBuildPhase;
			buildActionMask = 2147483647;
			files = (
			);
			runOnlyForDeploymentPostprocessing = 0;
		};
		1F8C1D212F603BA50019A501 /* Frameworks */ = {
			isa = PBXFrameworksBuildPhase;
			buildActionMask = 2147483647;
			files = (
			);
			runOnlyForDeploymentPostprocessing = 0;
		};
		1F8C1D2B2F603BA50019A501 /* Frameworks */ = {
			isa = PBXFrameworksBuildPhase;
			buildActionMask = 2147483647;
			files = (
			);
			runOnlyForDeploymentPostprocessing = 0;
		};
/* End PBXFrameworksBuildPhase section */

/* Begin PBXGroup section */
		1F8C1D0E2F603BA40019A501 = {
			isa = PBXGroup;
			children = (
				1F8C1D4D2F603BD60019A501 /* .gitignore */,
				1F8C1D4E2F603BD60019A501 /* README.md */,
				1F8C1D192F603BA40019A501 /* MVVMCoordinator */,
				1F8C1D272F603BA50019A501 /* MVVMCoordinatorTests */,
				1F8C1D312F603BA50019A501 /* MVVMCoordinatorUITests */,
				1F8C1D182F603BA40019A501 /* Products */,
			);
			sourceTree = "<group>";
		};
		1F8C1D182F603BA40019A501 /* Products */ = {
			isa = PBXGroup;
			children = (
				1F8C1D172F603BA40019A501 /* MVVMCoordinator.app */,
				1F8C1D242F603BA50019A501 /* MVVMCoordinatorTests.xctest */,
				1F8C1D2E2F603BA50019A501 /* MVVMCoordinatorUITests.xctest */,
			);
			name = Products;
			sourceTree = "<group>";
		};
/* End PBXGroup section */

/* Begin PBXNativeTarget section */
		1F8C1D162F603BA40019A501 /* MVVMCoordinator */ = {
			isa = PBXNativeTarget;
			buildConfigurationList = 1F8C1D382F603BA50019A501 /* Build configuration list for PBXNativeTarget "MVVMCoordinator" */;
			buildPhases = (
				1F8C1D132F603BA40019A501 /* Sources */,
				1F8C1D142F603BA40019A501 /* Frameworks */,
				1F8C1D152F603BA40019A501 /* Resources */,
			);
			buildRules = (
			);
			dependencies = (
			);
			fileSystemSynchronizedGroups = (
				1F8C1D192F603BA40019A501 /* MVVMCoordinator */,
			);
			name = MVVMCoordinator;
			packageProductDependencies = (
			);
			productName = MVVMCoordinator;
			productReference = 1F8C1D172F603BA40019A501 /* MVVMCoordinator.app */;
			productType = "com.apple.product-type.application";
		};
		1F8C1D232F603BA50019A501 /* MVVMCoordinatorTests */ = {
			isa = PBXNativeTarget;
			buildConfigurationList = 1F8C1D3B2F603BA50019A501 /* Build configuration list for PBXNativeTarget "MVVMCoordinatorTests" */;
			buildPhases = (
				1F8C1D202F603BA50019A501 /* Sources */,
				1F8C1D212F603BA50019A501 /* Frameworks */,
				1F8C1D222F603BA50019A501 /* Resources */,
			);
			buildRules = (
			);
			dependencies = (
				1F8C1D262F603BA50019A501 /* PBXTargetDependency */,
			);
			fileSystemSynchronizedGroups = (
				1F8C1D272F603BA50019A501 /* MVVMCoordinatorTests */,
			);
			name = MVVMCoordinatorTests;
			packageProductDependencies = (
			);
			productName = MVVMCoordinatorTests;
			productReference = 1F8C1D242F603BA50019A501 /* MVVMCoordinatorTests.xctest */;
			productType = "com.apple.product-type.bundle.unit-test";
		};
		1F8C1D2D2F603BA50019A501 /* MVVMCoordinatorUITests */ = {
			isa = PBXNativeTarget;
			buildConfigurationList = 1F8C1D3E2F603BA50019A501 /* Build configuration list for PBXNativeTarget "MVVMCoordinatorUITests" */;
			buildPhases = (
				1F8C1D2A2F603BA50019A501 /* Sources */,
				1F8C1D2B2F603BA50019A501 /* Frameworks */,
				1F8C1D2C2F603BA50019A501 /* Resources */,
			);
			buildRules = (
			);
			dependencies = (
				1F8C1D302F603BA50019A501 /* PBXTargetDependency */,
			);
			fileSystemSynchronizedGroups = (
				1F8C1D312F603BA50019A501 /* MVVMCoordinatorUITests */,
			);
			name = MVVMCoordinatorUITests;
			packageProductDependencies = (
			);
			productName = MVVMCoordinatorUITests;
			productReference = 1F8C1D2E2F603BA50019A501 /* MVVMCoordinatorUITests.xctest */;
			productType = "com.apple.product-type.bundle.ui-testing";
		};
/* End PBXNativeTarget section */

/* Begin PBXProject section */
		1F8C1D0F2F603BA40019A501 /* Project object */ = {
			isa = PBXProject;
			attributes = {
				BuildIndependentTargetsInParallel = 1;
				LastSwiftUpdateCheck = 2630;
				LastUpgradeCheck = 2630;
				TargetAttributes = {
					1F8C1D162F603BA40019A501 = {
						CreatedOnToolsVersion = 26.3;
					};
					1F8C1D232F603BA50019A501 = {
						CreatedOnToolsVersion = 26.3;
						TestTargetID = 1F8C1D162F603BA40019A501;
					};
					1F8C1D2D2F603BA50019A501 = {
						CreatedOnToolsVersion = 26.3;
						TestTargetID = 1F8C1D162F603BA40019A501;
					};
				};
			};
			buildConfigurationList = 1F8C1D122F603BA40019A501 /* Build configuration list for PBXProject "MVVMCoordinator" */;
			developmentRegion = en;
			hasScannedForEncodings = 0;
			knownRegions = (
				en,
				Base,
			);
			mainGroup = 1F8C1D0E2F603BA40019A501;
			minimizedProjectReferenceProxies = 1;
			preferredProjectObjectVersion = 77;
			productRefGroup = 1F8C1D182F603BA40019A501 /* Products */;
			projectDirPath = "";
			projectRoot = "";
			targets = (
				1F8C1D162F603BA40019A501 /* MVVMCoordinator */,
				1F8C1D232F603BA50019A501 /* MVVMCoordinatorTests */,
				1F8C1D2D2F603BA50019A501 /* MVVMCoordinatorUITests */,
			);
		};
/* End PBXProject section */

/* Begin PBXResourcesBuildPhase section */
		1F8C1D152F603BA40019A501 /* Resources */ = {
			isa = PBXResourcesBuildPhase;
			buildActionMask = 2147483647;
			files = (
				1F8C1D4F2F603BD60019A501 /* .gitignore in Resources */,
				1F8C1D502F603BD60019A501 /* README.md in Resources */,
			);
			runOnlyForDeploymentPostprocessing = 0;
		};
		1F8C1D222F603BA50019A501 /* Resources */ = {
			isa = PBXResourcesBuildPhase;
			buildActionMask = 2147483647;
			files = (
			);
			runOnlyForDeploymentPostprocessing = 0;
		};
		1F8C1D2C2F603BA50019A501 /* Resources */ = {
			isa = PBXResourcesBuildPhase;
			buildActionMask = 2147483647;
			files = (
			);
			runOnlyForDeploymentPostprocessing = 0;
		};
/* End PBXResourcesBuildPhase section */

/* Begin PBXSourcesBuildPhase section */
		1F8C1D132F603BA40019A501 /* Sources */ = {
			isa = PBXSourcesBuildPhase;
			buildActionMask = 2147483647;
			files = (
			);
			runOnlyForDeploymentPostprocessing = 0;
		};
		1F8C1D202F603BA50019A501 /* Sources */ = {
			isa = PBXSourcesBuildPhase;
			buildActionMask = 2147483647;
			files = (
			);
			runOnlyForDeploymentPostprocessing = 0;
		};
		1F8C1D2A2F603BA50019A501 /* Sources */ = {
			isa = PBXSourcesBuildPhase;
			buildActionMask = 2147483647;
			files = (
			);
			runOnlyForDeploymentPostprocessing = 0;
		};
/* End PBXSourcesBuildPhase section */

/* Begin PBXTargetDependency section */
		1F8C1D262F603BA50019A501 /* PBXTargetDependency */ = {
			isa = PBXTargetDependency;
			target = 1F8C1D162F603BA40019A501 /* MVVMCoordinator */;
			targetProxy = 1F8C1D252F603BA50019A501 /* PBXContainerItemProxy */;
		};
		1F8C1D302F603BA50019A501 /* PBXTargetDependency */ = {
			isa = PBXTargetDependency;
			target = 1F8C1D162F603BA40019A501 /* MVVMCoordinator */;
			targetProxy = 1F8C1D2F2F603BA50019A501 /* PBXContainerItemProxy */;
		};
/* End PBXTargetDependency section */

/* Begin XCBuildConfiguration section */
		1F8C1D362F603BA50019A501 /* Debug */ = {
			isa = XCBuildConfiguration;
			buildSettings = {
				ALWAYS_SEARCH_USER_PATHS = NO;
				ASSETCATALOG_COMPILER_GENERATE_SWIFT_ASSET_SYMBOL_EXTENSIONS = YES;
				CLANG_ANALYZER_NONNULL = YES;
				CLANG_ANALYZER_NUMBER_OBJECT_CONVERSION = YES_AGGRESSIVE;
				CLANG_CXX_LANGUAGE_STANDARD = "gnu++20";
				CLANG_ENABLE_MODULES = YES;
				CLANG_ENABLE_OBJC_ARC = YES;
				CLANG_ENABLE_OBJC_WEAK = YES;
				CLANG_WARN_BLOCK_CAPTURE_AUTORELEASING = YES;
				CLANG_WARN_BOOL_CONVERSION = YES;
				CLANG_WARN_COMMA = YES;
				CLANG_WARN_CONSTANT_CONVERSION = YES;
				CLANG_WARN_DEPRECATED_OBJC_IMPLEMENTATIONS = YES;
				CLANG_WARN_DIRECT_OBJC_ISA_USAGE = YES_ERROR;
				CLANG_WARN_DOCUMENTATION_COMMENTS = YES;
				CLANG_WARN_EMPTY_BODY = YES;
				CLANG_WARN_ENUM_CONVERSION = YES;
				CLANG_WARN_INFINITE_RECURSION = YES;
				CLANG_WARN_INT_CONVERSION = YES;
				CLANG_WARN_NON_LITERAL_NULL_CONVERSION = YES;
				CLANG_WARN_OBJC_IMPLICIT_RETAIN_SELF = YES;
				CLANG_WARN_OBJC_LITERAL_CONVERSION = YES;
				CLANG_WARN_OBJC_ROOT_CLASS = YES_ERROR;
				CLANG_WARN_QUOTED_INCLUDE_IN_FRAMEWORK_HEADER = YES;
				CLANG_WARN_RANGE_LOOP_ANALYSIS = YES;
				CLANG_WARN_STRICT_PROTOTYPES = YES;
				CLANG_WARN_SUSPICIOUS_MOVE = YES;
				CLANG_WARN_UNGUARDED_AVAILABILITY = YES_AGGRESSIVE;
				CLANG_WARN_UNREACHABLE_CODE = YES;
				CLANG_WARN__DUPLICATE_METHOD_MATCH = YES;
				COPY_PHASE_STRIP = NO;
				DEBUG_INFORMATION_FORMAT = dwarf;
				ENABLE_STRICT_OBJC_MSGSEND = YES;
				ENABLE_TESTABILITY = YES;
				ENABLE_USER_SCRIPT_SANDBOXING = YES;
				GCC_C_LANGUAGE_STANDARD = gnu17;
				GCC_DYNAMIC_NO_PIC = NO;
				GCC_NO_COMMON_BLOCKS = YES;
				GCC_OPTIMIZATION_LEVEL = 0;
				GCC_PREPROCESSOR_DEFINITIONS = (
					"DEBUG=1",
					"$(inherited)",
				);
				GCC_WARN_64_TO_32_BIT_CONVERSION = YES;
				GCC_WARN_ABOUT_RETURN_TYPE = YES_ERROR;
				GCC_WARN_UNDECLARED_SELECTOR = YES;
				GCC_WARN_UNINITIALIZED_AUTOS = YES_AGGRESSIVE;
				GCC_WARN_UNUSED_FUNCTION = YES;
				GCC_WARN_UNUSED_VARIABLE = YES;
				IPHONEOS_DEPLOYMENT_TARGET = 26.2;
				LOCALIZATION_PREFERS_STRING_CATALOGS = YES;
				MTL_ENABLE_DEBUG_INFO = INCLUDE_SOURCE;
				MTL_FAST_MATH = YES;
				ONLY_ACTIVE_ARCH = YES;
				SDKROOT = iphoneos;
				SWIFT_ACTIVE_COMPILATION_CONDITIONS = "DEBUG $(inherited)";
				SWIFT_OPTIMIZATION_LEVEL = "-Onone";
			};
			name = Debug;
		};
		1F8C1D372F603BA50019A501 /* Release */ = {
			isa = XCBuildConfiguration;
			buildSettings = {
				ALWAYS_SEARCH_USER_PATHS = NO;
				ASSETCATALOG_COMPILER_GENERATE_SWIFT_ASSET_SYMBOL_EXTENSIONS = YES;
				CLANG_ANALYZER_NONNULL = YES;
				CLANG_ANALYZER_NUMBER_OBJECT_CONVERSION = YES_AGGRESSIVE;
				CLANG_CXX_LANGUAGE_STANDARD = "gnu++20";
				CLANG_ENABLE_MODULES = YES;
				CLANG_ENABLE_OBJC_ARC = YES;
				CLANG_ENABLE_OBJC_WEAK = YES;
				CLANG_WARN_BLOCK_CAPTURE_AUTORELEASING = YES;
				CLANG_WARN_BOOL_CONVERSION = YES;
				CLANG_WARN_COMMA = YES;
				CLANG_WARN_CONSTANT_CONVERSION = YES;
				CLANG_WARN_DEPRECATED_OBJC_IMPLEMENTATIONS = YES;
				CLANG_WARN_DIRECT_OBJC_ISA_USAGE = YES_ERROR;
				CLANG_WARN_DOCUMENTATION_COMMENTS = YES;
				CLANG_WARN_EMPTY_BODY = YES;
				CLANG_WARN_ENUM_CONVERSION = YES;
				CLANG_WARN_INFINITE_RECURSION = YES;
				CLANG_WARN_INT_CONVERSION = YES;
				CLANG_WARN_NON_LITERAL_NULL_CONVERSION = YES;
				CLANG_WARN_OBJC_IMPLICIT_RETAIN_SELF = YES;
				CLANG_WARN_OBJC_LITERAL_CONVERSION = YES;
				CLANG_WARN_OBJC_ROOT_CLASS = YES_ERROR;
				CLANG_WARN_QUOTED_INCLUDE_IN_FRAMEWORK_HEADER = YES;
				CLANG_WARN_RANGE_LOOP_ANALYSIS = YES;
				CLANG_WARN_STRICT_PROTOTYPES = YES;
				CLANG_WARN_SUSPICIOUS_MOVE = YES;
				CLANG_WARN_UNGUARDED_AVAILABILITY = YES_AGGRESSIVE;
				CLANG_WARN_UNREACHABLE_CODE = YES;
				CLANG_WARN__DUPLICATE_METHOD_MATCH = YES;
				COPY_PHASE_STRIP = NO;
				DEBUG_INFORMATION_FORMAT = "dwarf-with-dsym";
				ENABLE_NS_ASSERTIONS = NO;
				ENABLE_STRICT_OBJC_MSGSEND = YES;
				ENABLE_USER_SCRIPT_SANDBOXING = YES;
				GCC_C_LANGUAGE_STANDARD = gnu17;
				GCC_NO_COMMON_BLOCKS = YES;
				GCC_WARN_64_TO_32_BIT_CONVERSION = YES;
				GCC_WARN_ABOUT_RETURN_TYPE = YES_ERROR;
				GCC_WARN_UNDECLARED_SELECTOR = YES;
				GCC_WARN_UNINITIALIZED_AUTOS = YES_AGGRESSIVE;
				GCC_WARN_UNUSED_FUNCTION = YES;
				GCC_WARN_UNUSED_VARIABLE = YES;
				IPHONEOS_DEPLOYMENT_TARGET = 26.2;
				LOCALIZATION_PREFERS_STRING_CATALOGS = YES;
				MTL_ENABLE_DEBUG_INFO = NO;
				MTL_FAST_MATH = YES;
				SDKROOT = iphoneos;
				SWIFT_COMPILATION_MODE = wholemodule;
				VALIDATE_PRODUCT = YES;
			};
			name = Release;
		};
		1F8C1D392F603BA50019A501 /* Debug */ = {
			isa = XCBuildConfiguration;
			buildSettings = {
				ASSETCATALOG_COMPILER_APPICON_NAME = AppIcon;
				ASSETCATALOG_COMPILER_GLOBAL_ACCENT_COLOR_NAME = AccentColor;
				CODE_SIGN_STYLE = Automatic;
				CURRENT_PROJECT_VERSION = 1;
				ENABLE_PREVIEWS = YES;
				GENERATE_INFOPLIST_FILE = YES;
				INFOPLIST_KEY_UIApplicationSceneManifest_Generation = YES;
				INFOPLIST_KEY_UIApplicationSupportsIndirectInputEvents = YES;
				INFOPLIST_KEY_UILaunchScreen_Generation = YES;
				INFOPLIST_KEY_UISupportedInterfaceOrientations_iPad = "UIInterfaceOrientationPortrait UIInterfaceOrientationPortraitUpsideDown UIInterfaceOrientationLandscapeLeft UIInterfaceOrientationLandscapeRight";
				INFOPLIST_KEY_UISupportedInterfaceOrientations_iPhone = "UIInterfaceOrientationPortrait UIInterfaceOrientationLandscapeLeft UIInterfaceOrientationLandscapeRight";
				LD_RUNPATH_SEARCH_PATHS = (
					"$(inherited)",
					"@executable_path/Frameworks",
				);
				MARKETING_VERSION = 1.0;
				PRODUCT_BUNDLE_IDENTIFIER = com.development.app.MVVMCoordinator;
				PRODUCT_NAME = "$(TARGET_NAME)";
				STRING_CATALOG_GENERATE_SYMBOLS = YES;
				SWIFT_APPROACHABLE_CONCURRENCY = YES;
				SWIFT_DEFAULT_ACTOR_ISOLATION = MainActor;
				SWIFT_EMIT_LOC_STRINGS = YES;
				SWIFT_UPCOMING_FEATURE_MEMBER_IMPORT_VISIBILITY = YES;
				SWIFT_VERSION = 5.0;
				TARGETED_DEVICE_FAMILY = "1,2";
			};
			name = Debug;
		};
		1F8C1D3A2F603BA50019A501 /* Release */ = {
			isa = XCBuildConfiguration;
			buildSettings = {
				ASSETCATALOG_COMPILER_APPICON_NAME = AppIcon;
				ASSETCATALOG_COMPILER_GLOBAL_ACCENT_COLOR_NAME = AccentColor;
				CODE_SIGN_STYLE = Automatic;
				CURRENT_PROJECT_VERSION = 1;
				ENABLE_PREVIEWS = YES;
				GENERATE_INFOPLIST_FILE = YES;
				INFOPLIST_KEY_UIApplicationSceneManifest_Generation = YES;
				INFOPLIST_KEY_UIApplicationSupportsIndirectInputEvents = YES;
				INFOPLIST_KEY_UILaunchScreen_Generation = YES;
				INFOPLIST_KEY_UISupportedInterfaceOrientations_iPad = "UIInterfaceOrientationPortrait UIInterfaceOrientationPortraitUpsideDown UIInterfaceOrientationLandscapeLeft UIInterfaceOrientationLandscapeRight";
				INFOPLIST_KEY_UISupportedInterfaceOrientations_iPhone = "UIInterfaceOrientationPortrait UIInterfaceOrientationLandscapeLeft UIInterfaceOrientationLandscapeRight";
				LD_RUNPATH_SEARCH_PATHS = (
					"$(inherited)",
					"@executable_path/Frameworks",
				);
				MARKETING_VERSION = 1.0;
				PRODUCT_BUNDLE_IDENTIFIER = com.development.app.MVVMCoordinator;
				PRODUCT_NAME = "$(TARGET_NAME)";
				STRING_CATALOG_GENERATE_SYMBOLS = YES;
				SWIFT_APPROACHABLE_CONCURRENCY = YES;
				SWIFT_DEFAULT_ACTOR_ISOLATION = MainActor;
				SWIFT_EMIT_LOC_STRINGS = YES;
				SWIFT_UPCOMING_FEATURE_MEMBER_IMPORT_VISIBILITY = YES;
				SWIFT_VERSION = 5.0;
				TARGETED_DEVICE_FAMILY = "1,2";
			};
			name = Release;
		};
		1F8C1D3C2F603BA50019A501 /* Debug */ = {
			isa = XCBuildConfiguration;
			buildSettings = {
				BUNDLE_LOADER = "$(TEST_HOST)";
				CODE_SIGN_STYLE = Automatic;
				CURRENT_PROJECT_VERSION = 1;
				GENERATE_INFOPLIST_FILE = YES;
				IPHONEOS_DEPLOYMENT_TARGET = 26.2;
				MARKETING_VERSION = 1.0;
				PRODUCT_BUNDLE_IDENTIFIER = com.development.app.MVVMCoordinatorTests;
				PRODUCT_NAME = "$(TARGET_NAME)";
				STRING_CATALOG_GENERATE_SYMBOLS = NO;
				SWIFT_APPROACHABLE_CONCURRENCY = YES;
				SWIFT_EMIT_LOC_STRINGS = NO;
				SWIFT_UPCOMING_FEATURE_MEMBER_IMPORT_VISIBILITY = YES;
				SWIFT_VERSION = 5.0;
				TARGETED_DEVICE_FAMILY = "1,2";
				TEST_HOST = "$(BUILT_PRODUCTS_DIR)/MVVMCoordinator.app/$(BUNDLE_EXECUTABLE_FOLDER_PATH)/MVVMCoordinator";
			};
			name = Debug;
		};
		1F8C1D3D2F603BA50019A501 /* Release */ = {
			isa = XCBuildConfiguration;
			buildSettings = {
				BUNDLE_LOADER = "$(TEST_HOST)";
				CODE_SIGN_STYLE = Automatic;
				CURRENT_PROJECT_VERSION = 1;
				GENERATE_INFOPLIST_FILE = YES;
				IPHONEOS_DEPLOYMENT_TARGET = 26.2;
				MARKETING_VERSION = 1.0;
				PRODUCT_BUNDLE_IDENTIFIER = com.development.app.MVVMCoordinatorTests;
				PRODUCT_NAME = "$(TARGET_NAME)";
				STRING_CATALOG_GENERATE_SYMBOLS = NO;
				SWIFT_APPROACHABLE_CONCURRENCY = YES;
				SWIFT_EMIT_LOC_STRINGS = NO;
				SWIFT_UPCOMING_FEATURE_MEMBER_IMPORT_VISIBILITY = YES;
				SWIFT_VERSION = 5.0;
				TARGETED_DEVICE_FAMILY = "1,2";
				TEST_HOST = "$(BUILT_PRODUCTS_DIR)/MVVMCoordinator.app/$(BUNDLE_EXECUTABLE_FOLDER_PATH)/MVVMCoordinator";
			};
			name = Release;
		};
		1F8C1D3F2F603BA50019A501 /* Debug */ = {
			isa = XCBuildConfiguration;
			buildSettings = {
				CODE_SIGN_STYLE = Automatic;
				CURRENT_PROJECT_VERSION = 1;
				GENERATE_INFOPLIST_FILE = YES;
				MARKETING_VERSION = 1.0;
				PRODUCT_BUNDLE_IDENTIFIER = com.development.app.MVVMCoordinatorUITests;
				PRODUCT_NAME = "$(TARGET_NAME)";
				STRING_CATALOG_GENERATE_SYMBOLS = NO;
				SWIFT_APPROACHABLE_CONCURRENCY = YES;
				SWIFT_EMIT_LOC_STRINGS = NO;
				SWIFT_UPCOMING_FEATURE_MEMBER_IMPORT_VISIBILITY = YES;
				SWIFT_VERSION = 5.0;
				TARGETED_DEVICE_FAMILY = "1,2";
				TEST_TARGET_NAME = MVVMCoordinator;
			};
			name = Debug;
		};
		1F8C1D402F603BA50019A501 /* Release */ = {
			isa = XCBuildConfiguration;
			buildSettings = {
				CODE_SIGN_STYLE = Automatic;
				CURRENT_PROJECT_VERSION = 1;
				GENERATE_INFOPLIST_FILE = YES;
				MARKETING_VERSION = 1.0;
				PRODUCT_BUNDLE_IDENTIFIER = com.development.app.MVVMCoordinatorUITests;
				PRODUCT_NAME = "$(TARGET_NAME)";
				STRING_CATALOG_GENERATE_SYMBOLS = NO;
				SWIFT_APPROACHABLE_CONCURRENCY = YES;
				SWIFT_EMIT_LOC_STRINGS = NO;
				SWIFT_UPCOMING_FEATURE_MEMBER_IMPORT_VISIBILITY = YES;
				SWIFT_VERSION = 5.0;
				TARGETED_DEVICE_FAMILY = "1,2";
				TEST_TARGET_NAME = MVVMCoordinator;
			};
			name = Release;
		};
/* End XCBuildConfiguration section */

/* Begin XCConfigurationList section */
		1F8C1D122F603BA40019A501 /* Build configuration list for PBXProject "MVVMCoordinator" */ = {
			isa = XCConfigurationList;
			buildConfigurations = (
				1F8C1D362F603BA50019A501 /* Debug */,
				1F8C1D372F603BA50019A501 /* Release */,
			);
			defaultConfigurationIsVisible = 0;
			defaultConfigurationName = Release;
		};
		1F8C1D382F603BA50019A501 /* Build configuration list for PBXNativeTarget "MVVMCoordinator" */ = {
			isa = XCConfigurationList;
			buildConfigurations = (
				1F8C1D392F603BA50019A501 /* Debug */,
				1F8C1D3A2F603BA50019A501 /* Release */,
			);
			defaultConfigurationIsVisible = 0;
			defaultConfigurationName = Release;
		};
		1F8C1D3B2F603BA50019A501 /* Build configuration list for PBXNativeTarget "MVVMCoordinatorTests" */ = {
			isa = XCConfigurationList;
			buildConfigurations = (
				1F8C1D3C2F603BA50019A501 /* Debug */,
				1F8C1D3D2F603BA50019A501 /* Release */,
			);
			defaultConfigurationIsVisible = 0;
			defaultConfigurationName = Release;
		};
		1F8C1D3E2F603BA50019A501 /* Build configuration list for PBXNativeTarget "MVVMCoordinatorUITests" */ = {
			isa = XCConfigurationList;
			buildConfigurations = (
				1F8C1D3F2F603BA50019A501 /* Debug */,
				1F8C1D402F603BA50019A501 /* Release */,
			);
			defaultConfigurationIsVisible = 0;
			defaultConfigurationName = Release;
		};
/* End XCConfigurationList section */
	};
	rootObject = 1F8C1D0F2F603BA40019A501 /* Project object */;
}
